schema: '2.0'
stages:
  prepare:
    cmd: python src/preparation.py
    deps:
    - path: data/transacciones_retail.csv
      hash: md5
      md5: 5d295417e543b29d40366cd75fb4c75a
      size: 45580638
    - path: src/preparation.py
      hash: md5
      md5: 5ee4a0ad6d78972d8447230674c8b0f9
      size: 1637
    params:
      params.yaml:
        preparation.columns:
        - InvoiceNo
        - StockCode
        - Description
        - Quantity
        - InvoiceDate
        - UnitPrice
        - CustomerID
        - Country
        preparation.sample_size: 1.0
        preparation.types:
          columns:
            InvoiceNo: str
            StockCode: str
            Description: str
            Quantity: int
            InvoiceDate: datetime
            UnitPrice: float
            CustomerID: int
            Country: str
    outs:
    - path: data/prepared_data.csv
      hash: md5
      md5: ec6564a35bc0909a48d4314811e39d54
      size: 35941501
  preparation:
    cmd: python src/preparation.py
    deps:
    - path: data/transacciones_retail.csv
      hash: md5
      md5: 5d295417e543b29d40366cd75fb4c75a
      size: 45580638
    - path: src/preparation.py
      hash: md5
      md5: 14d3a02e8939d6b7d7d7d4f366008e85
      size: 2041
    params:
      params.yaml:
        preparation.columns:
        - InvoiceNo
        - StockCode
        - Description
        - Quantity
        - InvoiceDate
        - UnitPrice
        - CustomerID
        - Country
        preparation.sample_size: 1.0
        preparation.types:
          columns:
            InvoiceNo: str
            StockCode: str
            Description: str
            Quantity: int
            InvoiceDate: datetime
            UnitPrice: float
            CustomerID: str
            Country: str
    outs:
    - path: data/prepared_data.csv
      hash: md5
      md5: b02381559191b527556b13fce660bca1
      size: 35943541
