schema: '2.0'
stages:
  prepare:
    cmd: python src/preparation.py
    deps:
    - path: data/transacciones_retail.csv
      hash: md5
      md5: 5d295417e543b29d40366cd75fb4c75a
      size: 45580638
    - path: src/preparation.py
      hash: md5
      md5: 5ee4a0ad6d78972d8447230674c8b0f9
      size: 1637
    params:
      params.yaml:
        preparation.columns:
        - InvoiceNo
        - StockCode
        - Description
        - Quantity
        - InvoiceDate
        - UnitPrice
        - CustomerID
        - Country
        preparation.sample_size: 1.0
        preparation.types:
          columns:
            InvoiceNo: str
            StockCode: str
            Description: str
            Quantity: int
            InvoiceDate: datetime
            UnitPrice: float
            CustomerID: int
            Country: str
    outs:
    - path: data/prepared_data.csv
      hash: md5
      md5: ec6564a35bc0909a48d4314811e39d54
      size: 35941501
  preparation:
    cmd: python src/preparation.py
    deps:
    - path: data/transacciones_retail.csv
      hash: md5
      md5: 5d295417e543b29d40366cd75fb4c75a
      size: 45580638
    - path: src/preparation.py
      hash: md5
      md5: 8d100fd9e06ccb059319a3351f371489
      size: 2085
    params:
      params.yaml:
        preparation.columns:
        - InvoiceNo
        - StockCode
        - Description
        - Quantity
        - InvoiceDate
        - UnitPrice
        - CustomerID
        - Country
        preparation.sample_size: 1.0
        preparation.types:
          columns:
            InvoiceNo: str
            StockCode: str
            Description: str
            Quantity: int
            InvoiceDate: datetime
            UnitPrice: float
            CustomerID: str
            Country: str
    outs:
    - path: data/prepared_data.csv
      hash: md5
      md5: b02381559191b527556b13fce660bca1
      size: 35943541
  featurization:
    cmd: python src/featurization.py
    deps:
    - path: data/prepared_data.csv
      hash: md5
      md5: b02381559191b527556b13fce660bca1
      size: 35943541
    - path: src/featurization.py
      hash: md5
      md5: d93798274511f5f031f02ff6bfe27191
      size: 2627
    params:
      params.yaml:
        featurization.columns:
        - customer_id
        - recency
        - frequency
        - monetary
        - is_churn
        featurization.types:
          columns:
            customer_id: int
            recency: float
            frequency: float
            monetary: float
            is_churn: bool
    outs:
    - path: data/featurization_data.csv
      hash: md5
      md5: a188a9514c6709e0774b67d09e38c5da
      size: 216552
